
Microsoft Visual Studio Solution File, Format Version 12.00
# Visual Studio 15
VisualStudioVersion = 15.0.28307.1340
MinimumVisualStudioVersion = 10.0.40219.1
Project("{8BC9CEB8-8B4A-11D0-8D11-00A0C91BC942}") = "WarMage", "WarMage\WarMage.vcxproj", "{BC0997F4-DFC3-40B6-AC49-590FAA3521F3}"
EndProject
Global
	GlobalSection(SolutionConfigurationPlatforms) = preSolution
		Debug|x64 = Debug|x64
		Debug|x86 = Debug|x86
		Release|x64 = Release|x64
		Release|x86 = Release|x86
	EndGlobalSection
	GlobalSection(ProjectConfigurationPlatforms) = postSolution
		{BC0997F4-DFC3-40B6-AC49-590FAA3521F3}.Debug|x64.ActiveCfg = Debug|x64
		{BC0997F4-DFC3-40B6-AC49-590FAA3521F3}.Debug|x64.Build.0 = Debug|x64
		{BC0997F4-DFC3-40B6-AC49-590FAA3521F3}.Debug|x86.ActiveCfg = Debug|Win32
		{BC0997F4-DFC3-40B6-AC49-590FAA3521F3}.Debug|x86.Build.0 = Debug|Win32
		{BC0997F4-DFC3-40B6-AC49-590FAA3521F3}.Release|x64.ActiveCfg = Release|x64
		{BC0997F4-DFC3-40B6-AC49-590FAA3521F3}.Release|x64.Build.0 = Release|x64
		{BC0997F4-DFC3-40B6-AC49-590FAA3521F3}.Release|x86.ActiveCfg = Release|Win32
		{BC0997F4-DFC3-40B6-AC49-590FAA3521F3}.Release|x86.Build.0 = Release|Win32
	EndGlobalSection
	GlobalSection(SolutionProperties) = preSolution
		HideSolutionNode = FALSE
	EndGlobalSection
	GlobalSection(ExtensibilityGlobals) = postSolution
		SolutionGuid = {3435D962-0F46-4900-B0EF-122F68B1B8FC}
	EndGlobalSection
EndGlobal
